{
  "name": "Booking-project",
  "lockfileVersion": 3,
  "requires": true,
  "packages": {
    "": {
      "dependencies": {
        "react-router-dom": "^6.26.0"
      }
    },
    "node_modules/@remix-run/router": {
      "version": "1.19.0",
      "resolved": "https://registry.npmjs.org/@remix-run/router/-/router-1.19.0.tgz",
      "integrity": "sha512-zDICCLKEwbVYTS6TjYaWtHXxkdoUvD/QXvyVZjGCsWz5vyH7aFeONlPffPdW+Y/t6KT0MgXb2Mfjun9YpWN1dA==",
      "license": "MIT",
      "engines": {
        "node": ">=14.0.0"
      }
    },
    "node_modules/react": {
      "version": "19.2.6",
      "resolved": "https://registry.npmjs.org/react/-/react-19.2.6.tgz",
      "integrity": "sha512-sfWGGfavi0xr8Pg0sVsyHMAOziVYKgPLNrS7ig+ivMNb3wbCBw3KxtflsGBAwD3gYQlE/AEZsTLgToRrSCjb0Q==",
      "license": "MIT",
      "peer": true,
      "engines": {
        "node": ">=0.10.0"
      }
    },
    "node_modules/react-dom": {
      "version": "19.2.6",
      "resolved": "https://registry.npmjs.org/react-dom/-/react-dom-19.2.6.tgz",
      "integrity": "sha512-0prMI+hvBbPjsWnxDLxlCGyM8PN6UuWjEUCYmZhO67xIV9Xasa/r/vDnq+Xyq4Lo27g8QSbO5YzARu0D1Sps3g==",
      "license": "MIT",
      "peer": true,
      "dependencies": {
        "scheduler": "^0.27.0"
      },
      "peerDependencies": {
        "react": "^19.2.6"
      }
    },
    "node_modules/react-router": {
      "version": "6.26.0",
      "resolved": "https://registry.npmjs.org/react-router/-/react-router-6.26.0.tgz",
      "integrity": "sha512-wVQq0/iFYd3iZ9H2l3N3k4PL8EEHcb0XlU2Na8nEwmiXgIUElEH6gaJDtUQxJ+JFzmIXaQjfdpcGWaM6IoQGxg==",
      "license": "MIT",
      "dependencies": {
        "@remix-run/router": "1.19.0"
      },
      "engines": {
        "node": ">=14.0.0"
      },
      "peerDependencies": {
        "react": ">=16.8"
      }
    },
    "node_modules/react-router-dom": {
      "version": "6.26.0",
      "resolved": "https://registry.npmjs.org/react-router-dom/-/react-router-dom-6.26.0.tgz",
      "integrity": "sha512-RRGUIiDtLrkX3uYcFiCIxKFWMcWQGMojpYZfcstc63A1+sSnVgILGIm9gNUA6na3Fm1QuPGSBQH2EMbAZOnMsQ==",
      "license": "MIT",
      "dependencies": {
        "@remix-run/router": "1.19.0",
        "react-router": "6.26.0"
      },
      "engines": {
        "node": ">=14.0.0"
      },
      "peerDependencies": {
        "react": ">=16.8",
        "react-dom": ">=16.8"
      }
    },
    "node_modules/scheduler": {
      "version": "0.27.0",
      "resolved": "https://registry.npmjs.org/scheduler/-/scheduler-0.27.0.tgz",
      "integrity": "sha512-eNv+WrVbKu1f3vbYJT/xtiF5syA5HPIMtf9IgY/nKg0sWqzAUEvqY/xm7OcZc/qafLx/iO9FgOmeSAp4v5ti/Q==",
      "license": "MIT",
      "peer": true
    }
  }
}
